
Microsoft Visual Studio Solution File, Format Version 12.00
# Visual Studio Version 16
VisualStudioVersion = 16.0.31205.134
MinimumVisualStudioVersion = 10.0.40219.1
Project("{9A19103F-16F7-4668-BE54-9A1E7A4F7556}") = "MISA.Eshop.API", "MISA.Eshop.API\MISA.Eshop.API.csproj", "{685E50A2-1FF2-45AA-8750-1FA8FC3128DD}"
EndProject
Project("{FAE04EC0-301F-11D3-BF4B-00C04F79EFBC}") = "MISA.Eshop.Core", "MISA.Eshop.Core\MISA.Eshop.Core.csproj", "{ABDAD3CC-F082-429E-8CD5-A39B9A1C2414}"
EndProject
Project("{FAE04EC0-301F-11D3-BF4B-00C04F79EFBC}") = "MISA.Eshop.Infrastructure", "MISA.Eshop.Infrastructure\MISA.Eshop.Infrastructure.csproj", "{A4563B57-05A1-4036-BEDC-46383B11C738}"
EndProject
Global
	GlobalSection(SolutionConfigurationPlatforms) = preSolution
		Debug|Any CPU = Debug|Any CPU
		Release|Any CPU = Release|Any CPU
	EndGlobalSection
	GlobalSection(ProjectConfigurationPlatforms) = postSolution
		{685E50A2-1FF2-45AA-8750-1FA8FC3128DD}.Debug|Any CPU.ActiveCfg = Debug|Any CPU
		{685E50A2-1FF2-45AA-8750-1FA8FC3128DD}.Debug|Any CPU.Build.0 = Debug|Any CPU
		{685E50A2-1FF2-45AA-8750-1FA8FC3128DD}.Release|Any CPU.ActiveCfg = Release|Any CPU
		{685E50A2-1FF2-45AA-8750-1FA8FC3128DD}.Release|Any CPU.Build.0 = Release|Any CPU
		{ABDAD3CC-F082-429E-8CD5-A39B9A1C2414}.Debug|Any CPU.ActiveCfg = Debug|Any CPU
		{ABDAD3CC-F082-429E-8CD5-A39B9A1C2414}.Debug|Any CPU.Build.0 = Debug|Any CPU
		{ABDAD3CC-F082-429E-8CD5-A39B9A1C2414}.Release|Any CPU.ActiveCfg = Release|Any CPU
		{ABDAD3CC-F082-429E-8CD5-A39B9A1C2414}.Release|Any CPU.Build.0 = Release|Any CPU
		{A4563B57-05A1-4036-BEDC-46383B11C738}.Debug|Any CPU.ActiveCfg = Debug|Any CPU
		{A4563B57-05A1-4036-BEDC-46383B11C738}.Debug|Any CPU.Build.0 = Debug|Any CPU
		{A4563B57-05A1-4036-BEDC-46383B11C738}.Release|Any CPU.ActiveCfg = Release|Any CPU
		{A4563B57-05A1-4036-BEDC-46383B11C738}.Release|Any CPU.Build.0 = Release|Any CPU
	EndGlobalSection
	GlobalSection(SolutionProperties) = preSolution
		HideSolutionNode = FALSE
	EndGlobalSection
	GlobalSection(ExtensibilityGlobals) = postSolution
		SolutionGuid = {0BB046B5-6264-4F1A-927A-B20A2C9A8B68}
	EndGlobalSection
EndGlobal
